// !$*UTF8*$!
{
	archiveVersion = 1;
	classes = {
	};
	objectVersion = 46;
	objects = {

/* Begin PBXBuildFile section */
		5A3B93891E839CD600752B51 /* client.cpp in Sources */ = {isa = PBXBuildFile; fileRef = 5AC428071E7F656D00AEC608 /* client.cpp */; };
		5A3B938A1E839CD600752B51 /* makefile in Sources */ = {isa = PBXBuildFile; fileRef = 5AC4280B1E7F656D00AEC608 /* makefile */; };
		5A3B938B1E839CD600752B51 /* packet.cpp in Sources */ = {isa = PBXBuildFile; fileRef = 5AC4280D1E7F656D00AEC608 /* packet.cpp */; };
		5A3B938C1E839CD600752B51 /* packet.h in Sources */ = {isa = PBXBuildFile; fileRef = 5AC4280E1E7F656D00AEC608 /* packet.h */; };
		5A3B938D1E839CD600752B51 /* server.cpp in Sources */ = {isa = PBXBuildFile; fileRef = 5AC428101E7F656D00AEC608 /* server.cpp */; };
/* End PBXBuildFile section */

/* Begin PBXBuildRule section */
		5A3B938F1E839F1C00752B51 /* PBXBuildRule */ = {
			isa = PBXBuildRule;
			compilerSpec = com.apple.compilers.proxy.script;
			fileType = sourcecode.c;
			isEditable = 1;
			outputFiles = (
			);
			script = "# <com.apple.compilers.gcc>\n";
		};
/* End PBXBuildRule section */

/* Begin PBXCopyFilesBuildPhase section */
		5AF238D81E73A0A400C0AAD9 /* Copy Files */ = {
			isa = PBXCopyFilesBuildPhase;
			buildActionMask = 2147483647;
			dstPath = /usr/share/man/man1/;
			dstSubfolderSpec = 0;
			files = (
			);
			name = "Copy Files";
			runOnlyForDeploymentPostprocessing = 1;
		};
/* End PBXCopyFilesBuildPhase section */

/* Begin PBXFileReference section */
		5A3B93821E839AAF00752B51 /* Data Comm Program 2 */ = {isa = PBXFileReference; lastKnownFileType = folder; path = "Data Comm Program 2"; sourceTree = "<group>"; };
		5AC428071E7F656D00AEC608 /* client.cpp */ = {isa = PBXFileReference; fileEncoding = 4; lastKnownFileType = sourcecode.cpp.cpp; name = client.cpp; path = "Data Comm Program 2/client.cpp"; sourceTree = "<group>"; };
		5AC428091E7F656D00AEC608 /* emulator */ = {isa = PBXFileReference; lastKnownFileType = file; name = emulator; path = "Data Comm Program 2/emulator"; sourceTree = "<group>"; };
		5AC4280A1E7F656D00AEC608 /* file.txt */ = {isa = PBXFileReference; fileEncoding = 4; lastKnownFileType = text; name = file.txt; path = "Data Comm Program 2/file.txt"; sourceTree = "<group>"; };
		5AC4280B1E7F656D00AEC608 /* makefile */ = {isa = PBXFileReference; fileEncoding = 4; lastKnownFileType = sourcecode.make; name = makefile; path = "Data Comm Program 2/makefile"; sourceTree = "<group>"; };
		5AC4280C1E7F656D00AEC608 /* output.txt */ = {isa = PBXFileReference; fileEncoding = 4; lastKnownFileType = text; name = output.txt; path = "Data Comm Program 2/output.txt"; sourceTree = "<group>"; };
		5AC4280D1E7F656D00AEC608 /* packet.cpp */ = {isa = PBXFileReference; fileEncoding = 4; lastKnownFileType = sourcecode.cpp.cpp; name = packet.cpp; path = "Data Comm Program 2/packet.cpp"; sourceTree = "<group>"; };
		5AC4280E1E7F656D00AEC608 /* packet.h */ = {isa = PBXFileReference; fileEncoding = 4; lastKnownFileType = sourcecode.c.h; name = packet.h; path = "Data Comm Program 2/packet.h"; sourceTree = "<group>"; };
		5AC428101E7F656D00AEC608 /* server.cpp */ = {isa = PBXFileReference; fileEncoding = 4; lastKnownFileType = sourcecode.cpp.cpp; name = server.cpp; path = "Data Comm Program 2/server.cpp"; sourceTree = "<group>"; };
		5AC428121E7F656D00AEC608 /* Supporting files */ = {isa = PBXFileReference; lastKnownFileType = folder; name = "Supporting files"; path = "Data Comm Program 2/Supporting files"; sourceTree = "<group>"; };
		5AF238DA1E73A0A400C0AAD9 /* Data Comm Program 2 */ = {isa = PBXFileReference; explicitFileType = "compiled.mach-o.executable"; includeInIndex = 0; path = "Data Comm Program 2"; sourceTree = BUILT_PRODUCTS_DIR; };
/* End PBXFileReference section */

/* Begin PBXFrameworksBuildPhase section */
		5AF238D71E73A0A400C0AAD9 /* Frameworks */ = {
			isa = PBXFrameworksBuildPhase;
			buildActionMask = 2147483647;
			files = (
			);
			runOnlyForDeploymentPostprocessing = 0;
		};
/* End PBXFrameworksBuildPhase section */

/* Begin PBXGroup section */
		5AF238D11E73A0A400C0AAD9 = {
			isa = PBXGroup;
			children = (
				5AC428071E7F656D00AEC608 /* client.cpp */,
				5AC428091E7F656D00AEC608 /* emulator */,
				5AC4280A1E7F656D00AEC608 /* file.txt */,
				5AC4280B1E7F656D00AEC608 /* makefile */,
				5AC4280C1E7F656D00AEC608 /* output.txt */,
				5AC4280D1E7F656D00AEC608 /* packet.cpp */,
				5AC4280E1E7F656D00AEC608 /* packet.h */,
				5AC428101E7F656D00AEC608 /* server.cpp */,
				5A3B93821E839AAF00752B51 /* Data Comm Program 2 */,
				5AC428121E7F656D00AEC608 /* Supporting files */,
				5AF238DB1E73A0A400C0AAD9 /* Products */,
			);
			sourceTree = "<group>";
		};
		5AF238DB1E73A0A400C0AAD9 /* Products */ = {
			isa = PBXGroup;
			children = (
				5AF238DA1E73A0A400C0AAD9 /* Data Comm Program 2 */,
			);
			name = Products;
			sourceTree = "<group>";
		};
/* End PBXGroup section */

/* Begin PBXNativeTarget section */
		5AF238D91E73A0A400C0AAD9 /* Data Comm Program 2 */ = {
			isa = PBXNativeTarget;
			buildConfigurationList = 5AF238E11E73A0A400C0AAD9 /* Build configuration list for PBXNativeTarget "Data Comm Program 2" */;
			buildPhases = (
				5AF238D61E73A0A400C0AAD9 /* Sources */,
				5AF238D71E73A0A400C0AAD9 /* Frameworks */,
				5AF238D81E73A0A400C0AAD9 /* Copy Files */,
			);
			buildRules = (
				5A3B938F1E839F1C00752B51 /* PBXBuildRule */,
			);
			dependencies = (
			);
			name = "Data Comm Program 2";
			productName = "Data Comm Program 2";
			productReference = 5AF238DA1E73A0A400C0AAD9 /* Data Comm Program 2 */;
			productType = "com.apple.product-type.tool";
		};
/* End PBXNativeTarget section */

/* Begin PBXProject section */
		5AF238D21E73A0A400C0AAD9 /* Project object */ = {
			isa = PBXProject;
			attributes = {
				LastUpgradeCheck = 0820;
				ORGANIZATIONNAME = "Hunter Holder";
				TargetAttributes = {
					5AF238D91E73A0A400C0AAD9 = {
						CreatedOnToolsVersion = 8.2.1;
						ProvisioningStyle = Automatic;
					};
				};
			};
			buildConfigurationList = 5AF238D51E73A0A400C0AAD9 /* Build configuration list for PBXProject "Data Comm Program 2" */;
			compatibilityVersion = "Xcode 3.2";
			developmentRegion = English;
			hasScannedForEncodings = 0;
			knownRegions = (
				en,
			);
			mainGroup = 5AF238D11E73A0A400C0AAD9;
			productRefGroup = 5AF238DB1E73A0A400C0AAD9 /* Products */;
			projectDirPath = "";
			projectRoot = "";
			targets = (
				5AF238D91E73A0A400C0AAD9 /* Data Comm Program 2 */,
			);
		};
/* End PBXProject section */

/* Begin PBXSourcesBuildPhase section */
		5AF238D61E73A0A400C0AAD9 /* Sources */ = {
			isa = PBXSourcesBuildPhase;
			buildActionMask = 2147483647;
			files = (
				5A3B93891E839CD600752B51 /* client.cpp in Sources */,
				5A3B938A1E839CD600752B51 /* makefile in Sources */,
				5A3B938B1E839CD600752B51 /* packet.cpp in Sources */,
				5A3B938C1E839CD600752B51 /* packet.h in Sources */,
				5A3B938D1E839CD600752B51 /* server.cpp in Sources */,
			);
			runOnlyForDeploymentPostprocessing = 0;
		};
/* End PBXSourcesBuildPhase section */

/* Begin XCBuildConfiguration section */
		5AF238DF1E73A0A400C0AAD9 /* Debug */ = {
			isa = XCBuildConfiguration;
			buildSettings = {
				ALWAYS_SEARCH_USER_PATHS = NO;
				CLANG_ANALYZER_NONNULL = YES;
				CLANG_CXX_LANGUAGE_STANDARD = "gnu++0x";
				CLANG_CXX_LIBRARY = "libc++";
				CLANG_ENABLE_MODULES = YES;
				CLANG_ENABLE_OBJC_ARC = YES;
				CLANG_WARN_BOOL_CONVERSION = YES;
				CLANG_WARN_CONSTANT_CONVERSION = YES;
				CLANG_WARN_DIRECT_OBJC_ISA_USAGE = YES_ERROR;
				CLANG_WARN_DOCUMENTATION_COMMENTS = YES;
				CLANG_WARN_EMPTY_BODY = YES;
				CLANG_WARN_ENUM_CONVERSION = YES;
				CLANG_WARN_INFINITE_RECURSION = YES;
				CLANG_WARN_INT_CONVERSION = YES;
				CLANG_WARN_OBJC_ROOT_CLASS = YES_ERROR;
				CLANG_WARN_SUSPICIOUS_MOVE = YES;
				CLANG_WARN_UNREACHABLE_CODE = YES;
				CLANG_WARN__DUPLICATE_METHOD_MATCH = YES;
				CODE_SIGN_IDENTITY = "-";
				COPY_PHASE_STRIP = NO;
				DEBUG_INFORMATION_FORMAT = dwarf;
				ENABLE_STRICT_OBJC_MSGSEND = YES;
				ENABLE_TESTABILITY = YES;
				GCC_C_LANGUAGE_STANDARD = gnu99;
				GCC_DYNAMIC_NO_PIC = NO;
				GCC_NO_COMMON_BLOCKS = YES;
				GCC_OPTIMIZATION_LEVEL = 0;
				GCC_PREPROCESSOR_DEFINITIONS = (
					"DEBUG=1",
					"$(inherited)",
				);
				GCC_WARN_64_TO_32_BIT_CONVERSION = YES;
				GCC_WARN_ABOUT_RETURN_TYPE = YES_ERROR;
				GCC_WARN_UNDECLARED_SELECTOR = YES;
				GCC_WARN_UNINITIALIZED_AUTOS = YES_AGGRESSIVE;
				GCC_WARN_UNUSED_FUNCTION = YES;
				GCC_WARN_UNUSED_VARIABLE = YES;
				MACOSX_DEPLOYMENT_TARGET = 10.12;
				MTL_ENABLE_DEBUG_INFO = YES;
				ONLY_ACTIVE_ARCH = YES;
				SDKROOT = macosx;
			};
			name = Debug;
		};
		5AF238E01E73A0A400C0AAD9 /* Release */ = {
			isa = XCBuildConfiguration;
			buildSettings = {
				ALWAYS_SEARCH_USER_PATHS = NO;
				CLANG_ANALYZER_NONNULL = YES;
				CLANG_CXX_LANGUAGE_STANDARD = "gnu++0x";
				CLANG_CXX_LIBRARY = "libc++";
				CLANG_ENABLE_MODULES = YES;
				CLANG_ENABLE_OBJC_ARC = YES;
				CLANG_WARN_BOOL_CONVERSION = YES;
				CLANG_WARN_CONSTANT_CONVERSION = YES;
				CLANG_WARN_DIRECT_OBJC_ISA_USAGE = YES_ERROR;
				CLANG_WARN_DOCUMENTATION_COMMENTS = YES;
				CLANG_WARN_EMPTY_BODY = YES;
				CLANG_WARN_ENUM_CONVERSION = YES;
				CLANG_WARN_INFINITE_RECURSION = YES;
				CLANG_WARN_INT_CONVERSION = YES;
				CLANG_WARN_OBJC_ROOT_CLASS = YES_ERROR;
				CLANG_WARN_SUSPICIOUS_MOVE = YES;
				CLANG_WARN_UNREACHABLE_CODE = YES;
				CLANG_WARN__DUPLICATE_METHOD_MATCH = YES;
				CODE_SIGN_IDENTITY = "-";
				COPY_PHASE_STRIP = NO;
				DEBUG_INFORMATION_FORMAT = "dwarf-with-dsym";
				ENABLE_NS_ASSERTIONS = NO;
				ENABLE_STRICT_OBJC_MSGSEND = YES;
				GCC_C_LANGUAGE_STANDARD = gnu99;
				GCC_NO_COMMON_BLOCKS = YES;
				GCC_WARN_64_TO_32_BIT_CONVERSION = YES;
				GCC_WARN_ABOUT_RETURN_TYPE = YES_ERROR;
				GCC_WARN_UNDECLARED_SELECTOR = YES;
				GCC_WARN_UNINITIALIZED_AUTOS = YES_AGGRESSIVE;
				GCC_WARN_UNUSED_FUNCTION = YES;
				GCC_WARN_UNUSED_VARIABLE = YES;
				MACOSX_DEPLOYMENT_TARGET = 10.12;
				MTL_ENABLE_DEBUG_INFO = NO;
				SDKROOT = macosx;
			};
			name = Release;
		};
		5AF238E21E73A0A400C0AAD9 /* Debug */ = {
			isa = XCBuildConfiguration;
			buildSettings = {
				PRODUCT_NAME = "$(TARGET_NAME)";
			};
			name = Debug;
		};
		5AF238E31E73A0A400C0AAD9 /* Release */ = {
			isa = XCBuildConfiguration;
			buildSettings = {
				PRODUCT_NAME = "$(TARGET_NAME)";
			};
			name = Release;
		};
/* End XCBuildConfiguration section */

/* Begin XCConfigurationList section */
		5AF238D51E73A0A400C0AAD9 /* Build configuration list for PBXProject "Data Comm Program 2" */ = {
			isa = XCConfigurationList;
			buildConfigurations = (
				5AF238DF1E73A0A400C0AAD9 /* Debug */,
				5AF238E01E73A0A400C0AAD9 /* Release */,
			);
			defaultConfigurationIsVisible = 0;
			defaultConfigurationName = Release;
		};
		5AF238E11E73A0A400C0AAD9 /* Build configuration list for PBXNativeTarget "Data Comm Program 2" */ = {
			isa = XCConfigurationList;
			buildConfigurations = (
				5AF238E21E73A0A400C0AAD9 /* Debug */,
				5AF238E31E73A0A400C0AAD9 /* Release */,
			);
			defaultConfigurationIsVisible = 0;
			defaultConfigurationName = Release;
		};
/* End XCConfigurationList section */
	};
	rootObject = 5AF238D21E73A0A400C0AAD9 /* Project object */;
}
